
Microsoft Visual Studio Solution File, Format Version 12.00
# Visual Studio 15
VisualStudioVersion = 15.0.28307.489
MinimumVisualStudioVersion = 10.0.40219.1
Project("{2150E333-8FDC-42A3-9474-1A3956D46DE8}") = "src", "src", "{7469E675-EC4A-49ED-8605-90360A881C22}"
EndProject
Project("{2150E333-8FDC-42A3-9474-1A3956D46DE8}") = "Apps", "Apps", "{83514F50-AB46-47F9-928F-44055F5EA79F}"
EndProject
Project("{9A19103F-16F7-4668-BE54-9A1E7A4F7556}") = "MyWorkouts", "src\Apps\MyWorkouts\MyWorkouts.csproj", "{2A575667-3479-4544-8414-4A454E4E0E28}"
EndProject
Project("{FAE04EC0-301F-11D3-BF4B-00C04F79EFBC}") = "MyWorkouts.Android", "src\Apps\MyWorkouts.Android\MyWorkouts.Android.csproj", "{077255DE-DB4C-4A81-895A-1B7BC0BCDDC7}"
EndProject
Project("{9A19103F-16F7-4668-BE54-9A1E7A4F7556}") = "MyWorkouts.UnitTests", "src\Apps\MyWorkouts.UnitTests\MyWorkouts.UnitTests.csproj", "{A125BE2D-62E8-4475-B755-61E21CD785C7}"
EndProject
Project("{FAE04EC0-301F-11D3-BF4B-00C04F79EFBC}") = "MyWorkouts.WPF", "src\Apps\MyWorkouts.WPF\MyWorkouts.WPF.csproj", "{D69686AA-FB5F-4225-8280-A581692F0BE5}"
EndProject
Global
	GlobalSection(SolutionConfigurationPlatforms) = preSolution
		Debug|Any CPU = Debug|Any CPU
		Release|Any CPU = Release|Any CPU
	EndGlobalSection
	GlobalSection(ProjectConfigurationPlatforms) = postSolution
		{2A575667-3479-4544-8414-4A454E4E0E28}.Debug|Any CPU.ActiveCfg = Debug|Any CPU
		{2A575667-3479-4544-8414-4A454E4E0E28}.Debug|Any CPU.Build.0 = Debug|Any CPU
		{2A575667-3479-4544-8414-4A454E4E0E28}.Release|Any CPU.ActiveCfg = Release|Any CPU
		{2A575667-3479-4544-8414-4A454E4E0E28}.Release|Any CPU.Build.0 = Release|Any CPU
		{077255DE-DB4C-4A81-895A-1B7BC0BCDDC7}.Debug|Any CPU.ActiveCfg = Debug|Any CPU
		{077255DE-DB4C-4A81-895A-1B7BC0BCDDC7}.Debug|Any CPU.Build.0 = Debug|Any CPU
		{077255DE-DB4C-4A81-895A-1B7BC0BCDDC7}.Debug|Any CPU.Deploy.0 = Debug|Any CPU
		{077255DE-DB4C-4A81-895A-1B7BC0BCDDC7}.Release|Any CPU.ActiveCfg = Release|Any CPU
		{077255DE-DB4C-4A81-895A-1B7BC0BCDDC7}.Release|Any CPU.Build.0 = Release|Any CPU
		{077255DE-DB4C-4A81-895A-1B7BC0BCDDC7}.Release|Any CPU.Deploy.0 = Release|Any CPU
		{A125BE2D-62E8-4475-B755-61E21CD785C7}.Debug|Any CPU.ActiveCfg = Debug|Any CPU
		{A125BE2D-62E8-4475-B755-61E21CD785C7}.Debug|Any CPU.Build.0 = Debug|Any CPU
		{A125BE2D-62E8-4475-B755-61E21CD785C7}.Release|Any CPU.ActiveCfg = Release|Any CPU
		{A125BE2D-62E8-4475-B755-61E21CD785C7}.Release|Any CPU.Build.0 = Release|Any CPU
		{D69686AA-FB5F-4225-8280-A581692F0BE5}.Debug|Any CPU.ActiveCfg = Debug|Any CPU
		{D69686AA-FB5F-4225-8280-A581692F0BE5}.Debug|Any CPU.Build.0 = Debug|Any CPU
		{D69686AA-FB5F-4225-8280-A581692F0BE5}.Release|Any CPU.ActiveCfg = Release|Any CPU
		{D69686AA-FB5F-4225-8280-A581692F0BE5}.Release|Any CPU.Build.0 = Release|Any CPU
	EndGlobalSection
	GlobalSection(SolutionProperties) = preSolution
		HideSolutionNode = FALSE
	EndGlobalSection
	GlobalSection(NestedProjects) = preSolution
		{83514F50-AB46-47F9-928F-44055F5EA79F} = {7469E675-EC4A-49ED-8605-90360A881C22}
		{2A575667-3479-4544-8414-4A454E4E0E28} = {83514F50-AB46-47F9-928F-44055F5EA79F}
		{077255DE-DB4C-4A81-895A-1B7BC0BCDDC7} = {83514F50-AB46-47F9-928F-44055F5EA79F}
		{A125BE2D-62E8-4475-B755-61E21CD785C7} = {83514F50-AB46-47F9-928F-44055F5EA79F}
		{D69686AA-FB5F-4225-8280-A581692F0BE5} = {83514F50-AB46-47F9-928F-44055F5EA79F}
	EndGlobalSection
	GlobalSection(ExtensibilityGlobals) = postSolution
		SolutionGuid = {D07EFBD5-8A98-4723-A3D0-8D5FFBE110F5}
	EndGlobalSection
EndGlobal
