
Microsoft Visual Studio Solution File, Format Version 12.00
# Visual Studio 15
VisualStudioVersion = 15.0.28307.489
MinimumVisualStudioVersion = 10.0.40219.1
Project("{2150E333-8FDC-42A3-9474-1A3956D46DE8}") = "src", "src", "{0599681C-8217-434A-A0C4-F8777EACCC36}"
EndProject
Project("{2150E333-8FDC-42A3-9474-1A3956D46DE8}") = "test", "test", "{39612368-F39F-432A-833B-794427110F27}"
EndProject
Project("{2150E333-8FDC-42A3-9474-1A3956D46DE8}") = "Services", "Services", "{6100F931-DFB0-490A-92D3-DFD36624FC9A}"
EndProject
Project("{2150E333-8FDC-42A3-9474-1A3956D46DE8}") = "Apps", "Apps", "{C63E5172-CC2E-4A25-8260-70B9F8A3B43F}"
EndProject
Global
	GlobalSection(SolutionProperties) = preSolution
		HideSolutionNode = FALSE
	EndGlobalSection
	GlobalSection(NestedProjects) = preSolution
		{6100F931-DFB0-490A-92D3-DFD36624FC9A} = {0599681C-8217-434A-A0C4-F8777EACCC36}
		{C63E5172-CC2E-4A25-8260-70B9F8A3B43F} = {0599681C-8217-434A-A0C4-F8777EACCC36}
	EndGlobalSection
	GlobalSection(ExtensibilityGlobals) = postSolution
		SolutionGuid = {D07EFBD5-8A98-4723-A3D0-8D5FFBE110F5}
	EndGlobalSection
EndGlobal
